
Microsoft Visual Studio Solution File, Format Version 12.00
# Visual Studio Version 17
VisualStudioVersion = 17.11.35327.3
MinimumVisualStudioVersion = 10.0.40219.1
Project("{9A19103F-16F7-4668-BE54-9A1E7A4F7556}") = "ProjectManagementApplication", "src\ProjectManagementApplication.csproj", "{ED42B7FA-32C4-4E72-88E4-BE2AEAB56597}"
EndProject
Project("{FAE04EC0-301F-11D3-BF4B-00C04F79EFBC}") = "ProjectManagementApplication_UnitTests", "tests\ProjectManagementApplication_UnitTests\ProjectManagementApplication_UnitTests.csproj", "{ADE7FD44-7C84-4300-A83B-B75540BF6931}"
	ProjectSection(ProjectDependencies) = postProject
		{ED42B7FA-32C4-4E72-88E4-BE2AEAB56597} = {ED42B7FA-32C4-4E72-88E4-BE2AEAB56597}
	EndProjectSection
EndProject
Global
	GlobalSection(SolutionConfigurationPlatforms) = preSolution
		Debug|Any CPU = Debug|Any CPU
		Debug|x64 = Debug|x64
		Debug|x86 = Debug|x86
		Release|Any CPU = Release|Any CPU
		Release|x64 = Release|x64
		Release|x86 = Release|x86
	EndGlobalSection
	GlobalSection(ProjectConfigurationPlatforms) = postSolution
		{ED42B7FA-32C4-4E72-88E4-BE2AEAB56597}.Debug|Any CPU.ActiveCfg = Debug|Any CPU
		{ED42B7FA-32C4-4E72-88E4-BE2AEAB56597}.Debug|Any CPU.Build.0 = Debug|Any CPU
		{ED42B7FA-32C4-4E72-88E4-BE2AEAB56597}.Debug|x64.ActiveCfg = Debug|Any CPU
		{ED42B7FA-32C4-4E72-88E4-BE2AEAB56597}.Debug|x64.Build.0 = Debug|Any CPU
		{ED42B7FA-32C4-4E72-88E4-BE2AEAB56597}.Debug|x86.ActiveCfg = Debug|Any CPU
		{ED42B7FA-32C4-4E72-88E4-BE2AEAB56597}.Debug|x86.Build.0 = Debug|Any CPU
		{ED42B7FA-32C4-4E72-88E4-BE2AEAB56597}.Release|Any CPU.ActiveCfg = Release|Any CPU
		{ED42B7FA-32C4-4E72-88E4-BE2AEAB56597}.Release|Any CPU.Build.0 = Release|Any CPU
		{ED42B7FA-32C4-4E72-88E4-BE2AEAB56597}.Release|x64.ActiveCfg = Release|Any CPU
		{ED42B7FA-32C4-4E72-88E4-BE2AEAB56597}.Release|x64.Build.0 = Release|Any CPU
		{ED42B7FA-32C4-4E72-88E4-BE2AEAB56597}.Release|x86.ActiveCfg = Release|Any CPU
		{ED42B7FA-32C4-4E72-88E4-BE2AEAB56597}.Release|x86.Build.0 = Release|Any CPU
		{ADE7FD44-7C84-4300-A83B-B75540BF6931}.Debug|Any CPU.ActiveCfg = Debug|Any CPU
		{ADE7FD44-7C84-4300-A83B-B75540BF6931}.Debug|Any CPU.Build.0 = Debug|Any CPU
		{ADE7FD44-7C84-4300-A83B-B75540BF6931}.Debug|x64.ActiveCfg = Debug|Any CPU
		{ADE7FD44-7C84-4300-A83B-B75540BF6931}.Debug|x64.Build.0 = Debug|Any CPU
		{ADE7FD44-7C84-4300-A83B-B75540BF6931}.Debug|x86.ActiveCfg = Debug|Any CPU
		{ADE7FD44-7C84-4300-A83B-B75540BF6931}.Debug|x86.Build.0 = Debug|Any CPU
		{ADE7FD44-7C84-4300-A83B-B75540BF6931}.Release|Any CPU.ActiveCfg = Release|Any CPU
		{ADE7FD44-7C84-4300-A83B-B75540BF6931}.Release|Any CPU.Build.0 = Release|Any CPU
		{ADE7FD44-7C84-4300-A83B-B75540BF6931}.Release|x64.ActiveCfg = Release|Any CPU
		{ADE7FD44-7C84-4300-A83B-B75540BF6931}.Release|x64.Build.0 = Release|Any CPU
		{ADE7FD44-7C84-4300-A83B-B75540BF6931}.Release|x86.ActiveCfg = Release|Any CPU
		{ADE7FD44-7C84-4300-A83B-B75540BF6931}.Release|x86.Build.0 = Release|Any CPU
	EndGlobalSection
	GlobalSection(SolutionProperties) = preSolution
		HideSolutionNode = FALSE
	EndGlobalSection
	GlobalSection(ExtensibilityGlobals) = postSolution
		SolutionGuid = {E6E114A1-3E7A-4E49-B12D-4819D24430C6}
	EndGlobalSection
EndGlobal
